{
  "name": "@test-runner/oneline-view",
  "version": "0.1.3",
  "lockfileVersion": 1,
  "requires": true,
  "dependencies": {
    "@test-runner/default-view": {
      "version": "0.5.2",
      "resolved": "https://registry.npmjs.org/@test-runner/default-view/-/default-view-0.5.2.tgz",
      "integrity": "sha512-/0V8TWxVaKibzEZ6fFoWe3NCef7NDI4qg4cavqaBtfT59cu1e3knUWm/07yxDnEkWvYr7jgZhm62QnW2j/y/VQ==",
      "requires": {
        "ansi-escape-sequences": "^5.1.2"
      }
    },
    "ansi-escape-sequences": {
      "version": "5.1.2",
      "resolved": "https://registry.npmjs.org/ansi-escape-sequences/-/ansi-escape-sequences-5.1.2.tgz",
      "integrity": "sha512-JcpoVp1W1bl1Qn4cVuiXEhD6+dyXKSOgCn2zlzE8inYgCJCBy1aPnUhlz6I4DFum8D4ovb9Qi/iAjUcGvG2lqw==",
      "requires": {
        "array-back": "^4.0.0"
      }
    },
    "ansi-regex": {
      "version": "4.1.0",
      "resolved": "https://registry.npmjs.org/ansi-regex/-/ansi-regex-4.1.0.tgz",
      "integrity": "sha512-1apePfXM1UOSqw0o9IiFAovVz9M5S1Dg+4TrDwfMewQ6p/rmMueb7tWZjQ1rx4Loy1ArBggoqGpfqqdI4rondg=="
    },
    "array-back": {
      "version": "4.0.0",
      "resolved": "https://registry.npmjs.org/array-back/-/array-back-4.0.0.tgz",
      "integrity": "sha512-ylVYjv5BzoWXWO7e6fWrzjqzgxmUPWdQrHxgzo/v1EaYXfw6+6ipRdIr7KryAGnVHG08O1Yfpchuv0+YhjPL+Q=="
    },
    "astral-regex": {
      "version": "1.0.0",
      "resolved": "https://registry.npmjs.org/astral-regex/-/astral-regex-1.0.0.tgz",
      "integrity": "sha512-+Ryf6g3BKoRc7jfp7ad8tM4TtMiaWvbF/1/sQcZPkkS7ag3D5nMBCe2UfOTONtAkaG0tO0ij3C5Lwmf1EiyjHg=="
    },
    "string-length": {
      "version": "3.1.0",
      "resolved": "https://registry.npmjs.org/string-length/-/string-length-3.1.0.tgz",
      "integrity": "sha512-Ttp5YvkGm5v9Ijagtaz1BnN+k9ObpvS0eIBblPMp2YWL8FBmi9qblQ9fexc2k/CXFgrTIteU3jAw3payCnwSTA==",
      "requires": {
        "astral-regex": "^1.0.0",
        "strip-ansi": "^5.2.0"
      }
    },
    "strip-ansi": {
      "version": "5.2.0",
      "resolved": "https://registry.npmjs.org/strip-ansi/-/strip-ansi-5.2.0.tgz",
      "integrity": "sha512-DuRs1gKbBqsMKIZlrffwlug8MHkcnpjs5VPmL1PAh+mA30U0DTotfDZ0d2UUsXpPmPmMMJ6W773MaA3J+lbiWA==",
      "requires": {
        "ansi-regex": "^4.1.0"
      }
    }
  }
}
