{
  "name": "@test-runner/oneline-view",
  "version": "0.1.4",
  "lockfileVersion": 2,
  "requires": true,
  "packages": {
    "": {
      "name": "@test-runner/oneline-view",
      "version": "0.1.4",
      "license": "MIT",
      "dependencies": {
        "@test-runner/default-view": "^0.6.1",
        "ansi-escape-sequences": "^6.2.0",
        "string-length": "^5.0.1"
      },
      "engines": {
        "node": ">=10"
      }
    },
    "node_modules/@test-runner/default-view": {
      "version": "0.6.1",
      "resolved": "https://registry.npmjs.org/@test-runner/default-view/-/default-view-0.6.1.tgz",
      "integrity": "sha512-/yuHQe+kdtYDnppGg/wc80KQal/3Ril4JOTUUA9esskjZaEpcA6xQ9Cop21rpWhrbmxLqsX1Q48MccunA3/T4w==",
      "dependencies": {
        "ansi-escape-sequences": "^6.2.0"
      },
      "engines": {
        "node": ">=12.17"
      }
    },
    "node_modules/ansi-escape-sequences": {
      "version": "6.2.0",
      "resolved": "https://registry.npmjs.org/ansi-escape-sequences/-/ansi-escape-sequences-6.2.0.tgz",
      "integrity": "sha512-tDwbanmlgu4wVCNM75YvwugiDn7iZtCewniuxZgLBbdVy/li7ufZhNpqPR7ZJgJVI2TzRcElDKBNlLaI+RSzbQ==",
      "dependencies": {
        "array-back": "^6.2.0"
      },
      "engines": {
        "node": ">=12.17"
      }
    },
    "node_modules/ansi-regex": {
      "version": "6.0.1",
      "resolved": "https://registry.npmjs.org/ansi-regex/-/ansi-regex-6.0.1.tgz",
      "integrity": "sha512-n5M855fKb2SsfMIiFFoVrABHJC8QtHwVx+mHWP3QcEqBHYienj5dHSgjbxtC0WEZXYt4wcD6zrQElDPhFuZgfA==",
      "engines": {
        "node": ">=12"
      },
      "funding": {
        "url": "https://github.com/chalk/ansi-regex?sponsor=1"
      }
    },
    "node_modules/array-back": {
      "version": "6.2.0",
      "resolved": "https://registry.npmjs.org/array-back/-/array-back-6.2.0.tgz",
      "integrity": "sha512-mixVv03GOOn/ubHE4STQ+uevX42ETdk0JoMVEjNkSOCT7WgERh7C8/+NyhWYNpE3BN69pxFyJIBcF7CxWz/+4A==",
      "engines": {
        "node": ">=12.17"
      }
    },
    "node_modules/char-regex": {
      "version": "2.0.0",
      "resolved": "https://registry.npmjs.org/char-regex/-/char-regex-2.0.0.tgz",
      "integrity": "sha512-oGu2QekBMXgyQNWPDRQ001bjvDnZe4/zBTz37TMbiKz1NbNiyiH5hRkobe7npRN6GfbGbxMYFck/vQ1r9c1VMA==",
      "engines": {
        "node": ">=12.20"
      }
    },
    "node_modules/string-length": {
      "version": "5.0.1",
      "resolved": "https://registry.npmjs.org/string-length/-/string-length-5.0.1.tgz",
      "integrity": "sha512-9Ep08KAMUn0OadnVaBuRdE2l615CQ508kr0XMadjClfYpdCyvrbFp6Taebo8yyxokQ4viUd/xPPUA4FGgUa0ow==",
      "dependencies": {
        "char-regex": "^2.0.0",
        "strip-ansi": "^7.0.1"
      },
      "engines": {
        "node": ">=12.20"
      },
      "funding": {
        "url": "https://github.com/sponsors/sindresorhus"
      }
    },
    "node_modules/strip-ansi": {
      "version": "7.0.1",
      "resolved": "https://registry.npmjs.org/strip-ansi/-/strip-ansi-7.0.1.tgz",
      "integrity": "sha512-cXNxvT8dFNRVfhVME3JAe98mkXDYN2O1l7jmcwMnOslDeESg1rF/OZMtK0nRAhiari1unG5cD4jG3rapUAkLbw==",
      "dependencies": {
        "ansi-regex": "^6.0.1"
      },
      "engines": {
        "node": ">=12"
      },
      "funding": {
        "url": "https://github.com/chalk/strip-ansi?sponsor=1"
      }
    }
  },
  "dependencies": {
    "@test-runner/default-view": {
      "version": "0.6.1",
      "resolved": "https://registry.npmjs.org/@test-runner/default-view/-/default-view-0.6.1.tgz",
      "integrity": "sha512-/yuHQe+kdtYDnppGg/wc80KQal/3Ril4JOTUUA9esskjZaEpcA6xQ9Cop21rpWhrbmxLqsX1Q48MccunA3/T4w==",
      "requires": {
        "ansi-escape-sequences": "^6.2.0"
      }
    },
    "ansi-escape-sequences": {
      "version": "6.2.0",
      "resolved": "https://registry.npmjs.org/ansi-escape-sequences/-/ansi-escape-sequences-6.2.0.tgz",
      "integrity": "sha512-tDwbanmlgu4wVCNM75YvwugiDn7iZtCewniuxZgLBbdVy/li7ufZhNpqPR7ZJgJVI2TzRcElDKBNlLaI+RSzbQ==",
      "requires": {
        "array-back": "^6.2.0"
      }
    },
    "ansi-regex": {
      "version": "6.0.1",
      "resolved": "https://registry.npmjs.org/ansi-regex/-/ansi-regex-6.0.1.tgz",
      "integrity": "sha512-n5M855fKb2SsfMIiFFoVrABHJC8QtHwVx+mHWP3QcEqBHYienj5dHSgjbxtC0WEZXYt4wcD6zrQElDPhFuZgfA=="
    },
    "array-back": {
      "version": "6.2.0",
      "resolved": "https://registry.npmjs.org/array-back/-/array-back-6.2.0.tgz",
      "integrity": "sha512-mixVv03GOOn/ubHE4STQ+uevX42ETdk0JoMVEjNkSOCT7WgERh7C8/+NyhWYNpE3BN69pxFyJIBcF7CxWz/+4A=="
    },
    "char-regex": {
      "version": "2.0.0",
      "resolved": "https://registry.npmjs.org/char-regex/-/char-regex-2.0.0.tgz",
      "integrity": "sha512-oGu2QekBMXgyQNWPDRQ001bjvDnZe4/zBTz37TMbiKz1NbNiyiH5hRkobe7npRN6GfbGbxMYFck/vQ1r9c1VMA=="
    },
    "string-length": {
      "version": "5.0.1",
      "resolved": "https://registry.npmjs.org/string-length/-/string-length-5.0.1.tgz",
      "integrity": "sha512-9Ep08KAMUn0OadnVaBuRdE2l615CQ508kr0XMadjClfYpdCyvrbFp6Taebo8yyxokQ4viUd/xPPUA4FGgUa0ow==",
      "requires": {
        "char-regex": "^2.0.0",
        "strip-ansi": "^7.0.1"
      }
    },
    "strip-ansi": {
      "version": "7.0.1",
      "resolved": "https://registry.npmjs.org/strip-ansi/-/strip-ansi-7.0.1.tgz",
      "integrity": "sha512-cXNxvT8dFNRVfhVME3JAe98mkXDYN2O1l7jmcwMnOslDeESg1rF/OZMtK0nRAhiari1unG5cD4jG3rapUAkLbw==",
      "requires": {
        "ansi-regex": "^6.0.1"
      }
    }
  }
}
